github.com/tsutheone/dog v0.0.0-20230916084133-158b0eb9390c h1:OzDo5pn6qHUP7HHm8+auz0FPdzhhVX/44EGlwnGfZQw=
github.com/tsutheone/dog v0.0.0-20230916084133-158b0eb9390c/go.mod h1:pFNjFRsSxY0H16khKlJ3m+0Kr6nRTbis3yhVgDZrjKI=
github.com/tsutheone/puppy v0.1.0 h1:5rTTDtIkPQctLE9tZi77W1rrKr0fCefmWBv2rKFHnGc=
github.com/tsutheone/puppy v0.1.0/go.mod h1:Ae8nIY+oeBehJp5t9ij4z+vuB2Ae0OJHvLPK45XecIA=
